{
  "name": "total-serialism-n4m",
  "version": "1.0.0",
  "lockfileVersion": 1,
  "requires": true,
  "dependencies": {
    "@tonaljs/abc-notation": {
      "version": "3.5.5",
      "resolved": "https://registry.npmjs.org/@tonaljs/abc-notation/-/abc-notation-3.5.5.tgz",
      "integrity": "sha512-VwYS/u2MJl6hYWF3N7G+QFp0plqjsu0170jcuy+1Gk1lsk6kOrn7Zb845M5YYv9JzjPOjA4Qm0fRXYcMKadayQ==",
      "requires": {
        "@tonaljs/core": "^3.5.4"
      }
    },
    "@tonaljs/array": {
      "version": "3.2.9",
      "resolved": "https://registry.npmjs.org/@tonaljs/array/-/array-3.2.9.tgz",
      "integrity": "sha512-eJTCGsHDy/9IHMN1qHdceaWTLH2okPXRlAlpycqPd0rCP5G7XL8hWO4eu9ck/oNFTw2CNGEbJQtl0iEpnm/oYw==",
      "requires": {
        "@tonaljs/core": "^3.5.4"
      }
    },
    "@tonaljs/chord": {
      "version": "3.9.0",
      "resolved": "https://registry.npmjs.org/@tonaljs/chord/-/chord-3.9.0.tgz",
      "integrity": "sha512-0c1MKOl+qazh/kpx/qt8I+r0HlYzQBtQ1t/rnuP+R6nYX/BeLBY0ZC7ZbB79Eu7LpnnbchKuPOezZsmOgrjU3Q==",
      "requires": {
        "@tonaljs/chord-detect": "^3.7.0",
        "@tonaljs/chord-type": "^3.7.0",
        "@tonaljs/collection": "^3.5.3",
        "@tonaljs/core": "^3.5.4",
        "@tonaljs/pcset": "^3.5.4",
        "@tonaljs/scale-type": "^3.6.0"
      }
    },
    "@tonaljs/chord-detect": {
      "version": "3.7.0",
      "resolved": "https://registry.npmjs.org/@tonaljs/chord-detect/-/chord-detect-3.7.0.tgz",
      "integrity": "sha512-1z8DG8avmtFXS8/vnfzJEgOP+zZvd827g4qjQKa1NyjLmrOp3BWi77iBhs4ktctxIT3xYPIGF8aH+DH5L73Tbw==",
      "requires": {
        "@tonaljs/chord-type": "^3.7.0",
        "@tonaljs/core": "^3.5.4",
        "@tonaljs/pcset": "^3.5.4"
      }
    },
    "@tonaljs/chord-type": {
      "version": "3.7.0",
      "resolved": "https://registry.npmjs.org/@tonaljs/chord-type/-/chord-type-3.7.0.tgz",
      "integrity": "sha512-Rg3xTRFtJOnHV0UILjFhYKn4+7JsOkAMMxQEEXcxSBTqrC6LQ4QSuOjkxpd1Q7tGqTkAdQCyNQJsR/iF4fXYsQ==",
      "requires": {
        "@tonaljs/core": "^3.5.4",
        "@tonaljs/pcset": "^3.5.4"
      }
    },
    "@tonaljs/collection": {
      "version": "3.5.3",
      "resolved": "https://registry.npmjs.org/@tonaljs/collection/-/collection-3.5.3.tgz",
      "integrity": "sha512-RzEsHhbaZCAREWy0XuNRkHO//RgpoTw3FeWA7aeCyuVr2B36neLDnihBmo9T6KZBO/hSLcmPQy/NOEcvhsaVuA=="
    },
    "@tonaljs/core": {
      "version": "3.5.4",
      "resolved": "https://registry.npmjs.org/@tonaljs/core/-/core-3.5.4.tgz",
      "integrity": "sha512-Rhe7TKNmkOb9/Ilu1ByCI7jIEc0hztGbfHMtI7N5sIdAXVaVzz0WaZdEuPKnAYibS8IRsT5Jm3B/oAEy5CdQAQ=="
    },
    "@tonaljs/duration-value": {
      "version": "3.6.3",
      "resolved": "https://registry.npmjs.org/@tonaljs/duration-value/-/duration-value-3.6.3.tgz",
      "integrity": "sha512-y+jFjfb5Knu9QR+w8n3YnWqTaJmeDJr5SYLZZiG/BMvIr7BX40hma/F7IdQ6fi6e0gD+cm0VNCTlTDXVnUmdww=="
    },
    "@tonaljs/interval": {
      "version": "3.5.4",
      "resolved": "https://registry.npmjs.org/@tonaljs/interval/-/interval-3.5.4.tgz",
      "integrity": "sha512-cgbTL3SNpzRMXkFh93y3Qy4IXmZOGF12we1E6u4swzR1H1D3OsQrEugPoYzOhiIax3Q+mZ9vm9mgk/KWzCIhww==",
      "requires": {
        "@tonaljs/core": "^3.5.4"
      }
    },
    "@tonaljs/key": {
      "version": "3.5.5",
      "resolved": "https://registry.npmjs.org/@tonaljs/key/-/key-3.5.5.tgz",
      "integrity": "sha512-3WRrPin/kMlaAsx0/PhJqKAMwO97PZmlN8399S5/B1Peh9BUin1ChteyjfLwsfcjkhfWh35jB+Pp8XG8iQRc6A==",
      "requires": {
        "@tonaljs/core": "^3.5.3",
        "@tonaljs/note": "^3.5.3",
        "@tonaljs/roman-numeral": "^3.5.3"
      }
    },
    "@tonaljs/midi": {
      "version": "3.5.4",
      "resolved": "https://registry.npmjs.org/@tonaljs/midi/-/midi-3.5.4.tgz",
      "integrity": "sha512-Xtunz9cVWTI5hJ9OjGXYWwlbJwcrof/IsmshvYmZXQGOhtVY2PPhY3JSKfAVN+CLFOraEjVJ4/YEGoFutF+yJA==",
      "requires": {
        "@tonaljs/core": "^3.5.4"
      }
    },
    "@tonaljs/mode": {
      "version": "3.5.4",
      "resolved": "https://registry.npmjs.org/@tonaljs/mode/-/mode-3.5.4.tgz",
      "integrity": "sha512-iu3aFh62UPeNNrgGNLm/lvURx2L83E2+u78ESDjO86kYgSbkFKuK7D8MHynFSwFUmQCfw4+aOq9gHByuv5lz5A==",
      "requires": {
        "@tonaljs/core": "^3.5.4",
        "@tonaljs/pcset": "^3.5.4"
      }
    },
    "@tonaljs/note": {
      "version": "3.6.0",
      "resolved": "https://registry.npmjs.org/@tonaljs/note/-/note-3.6.0.tgz",
      "integrity": "sha512-riwAjPdQBa01uhCl0h+3vc0M3VW/NS982pg3k2ntKYiC8YsSRu0tR7yDtUbOWwMjaj8loAk68Snmm44mutiIdQ==",
      "requires": {
        "@tonaljs/core": "^3.5.4",
        "@tonaljs/midi": "^3.5.4"
      }
    },
    "@tonaljs/pcset": {
      "version": "3.5.4",
      "resolved": "https://registry.npmjs.org/@tonaljs/pcset/-/pcset-3.5.4.tgz",
      "integrity": "sha512-RaB1KJoq5ZhXuDEWPlf1NWi1Cwa67yUr43usDhw/abvvIyZAkEJ1jyg4Yiks29ua7zBeQSyrEU+leuKxFBTGcQ==",
      "requires": {
        "@tonaljs/collection": "^3.5.3",
        "@tonaljs/core": "^3.5.4"
      }
    },
    "@tonaljs/progression": {
      "version": "3.7.0",
      "resolved": "https://registry.npmjs.org/@tonaljs/progression/-/progression-3.7.0.tgz",
      "integrity": "sha512-AkqVg5H9Jos8GquBav4WkxxlnSg8PEjKobFUyfEeU3BHfFo1QNOnBmXN8JhSxR1+tY7KDCEK574LYP8xpqThAg==",
      "requires": {
        "@tonaljs/chord": "^3.9.0",
        "@tonaljs/core": "^3.5.4",
        "@tonaljs/roman-numeral": "^3.5.4"
      }
    },
    "@tonaljs/range": {
      "version": "3.6.0",
      "resolved": "https://registry.npmjs.org/@tonaljs/range/-/range-3.6.0.tgz",
      "integrity": "sha512-KXcOGrxmHno7hHbHkg0UPM3NnDf0o7hjED6EAZUkBmtHrfqEWtKVEpwDcFgilGSJ1BfNj1Odp77pLtqjXcOQVQ==",
      "requires": {
        "@tonaljs/collection": "^3.5.3",
        "@tonaljs/midi": "^3.5.4"
      }
    },
    "@tonaljs/roman-numeral": {
      "version": "3.5.4",
      "resolved": "https://registry.npmjs.org/@tonaljs/roman-numeral/-/roman-numeral-3.5.4.tgz",
      "integrity": "sha512-jwN8lTZb0nernJZ45piKsh0E8GeA4Xiq2XR03NpL7oS9KMHyZkHx4Otripiqvfns0aVgvDP4Da6c7FEhPY8zJA==",
      "requires": {
        "@tonaljs/core": "^3.5.4"
      }
    },
    "@tonaljs/scale": {
      "version": "3.7.0",
      "resolved": "https://registry.npmjs.org/@tonaljs/scale/-/scale-3.7.0.tgz",
      "integrity": "sha512-L9Lw9ZBttjbo06br14XfIseJ/QDCLynvfmWoj/E00QKDC6cNJbDhpUxce3Xat/CD7CGuhVU8ql9PsT8bG+/wtg==",
      "requires": {
        "@tonaljs/chord-type": "^3.7.0",
        "@tonaljs/collection": "^3.5.3",
        "@tonaljs/core": "^3.5.4",
        "@tonaljs/note": "^3.6.0",
        "@tonaljs/pcset": "^3.5.4",
        "@tonaljs/scale-type": "^3.6.0"
      }
    },
    "@tonaljs/scale-type": {
      "version": "3.6.0",
      "resolved": "https://registry.npmjs.org/@tonaljs/scale-type/-/scale-type-3.6.0.tgz",
      "integrity": "sha512-AN5C33Q1l3pgkBxLZ9gQIz98aG8dQ6iJx/FNvIqdzAR0BPtkIJk8z2lrKeDkSSKPPkykUuycroloJaRp5FuOpw==",
      "requires": {
        "@tonaljs/core": "^3.5.4",
        "@tonaljs/pcset": "^3.5.4"
      }
    },
    "@tonaljs/time-signature": {
      "version": "3.6.3",
      "resolved": "https://registry.npmjs.org/@tonaljs/time-signature/-/time-signature-3.6.3.tgz",
      "integrity": "sha512-M1WNX6btgY53NDV6/aNZl6wAzRbjam3P2edSf1+ptZ0PZEayf/eCx8A0A2oXHFpOT+p/D2SV2EWGrTGtlu1E+Q=="
    },
    "@tonaljs/tonal": {
      "version": "3.7.5",
      "resolved": "https://registry.npmjs.org/@tonaljs/tonal/-/tonal-3.7.5.tgz",
      "integrity": "sha512-k5TAIj4F+q6I9yTAFY46YkBpUMtuEZLsCAiD0HJl7f5yV7qzZj5/rz/SwQMrgKcBoNNXw+kVw+SVTr9sgb/RBw==",
      "requires": {
        "@tonaljs/abc-notation": "^3.5.4",
        "@tonaljs/array": "^3.2.8",
        "@tonaljs/chord": "^3.6.4",
        "@tonaljs/chord-type": "^3.5.4",
        "@tonaljs/collection": "^3.5.3",
        "@tonaljs/core": "^3.5.3",
        "@tonaljs/duration-value": "^3.6.3",
        "@tonaljs/interval": "^3.5.3",
        "@tonaljs/key": "^3.5.5",
        "@tonaljs/midi": "^3.5.3",
        "@tonaljs/mode": "^3.5.3",
        "@tonaljs/note": "^3.5.3",
        "@tonaljs/pcset": "^3.5.3",
        "@tonaljs/progression": "^3.5.6",
        "@tonaljs/range": "^3.5.3",
        "@tonaljs/roman-numeral": "^3.5.3",
        "@tonaljs/scale": "^3.5.5",
        "@tonaljs/scale-type": "^3.5.4",
        "@tonaljs/time-signature": "^3.6.3"
      }
    },
    "asciichart": {
      "version": "1.5.25",
      "resolved": "https://registry.npmjs.org/asciichart/-/asciichart-1.5.25.tgz",
      "integrity": "sha512-PNxzXIPPOtWq8T7bgzBtk9cI2lgS4SJZthUHEiQ1aoIc3lNzGfUvIvo9LiAnq26TACo9t1/4qP6KTGAUbzX9Xg=="
    },
    "bignumber.js": {
      "version": "9.0.1",
      "resolved": "https://registry.npmjs.org/bignumber.js/-/bignumber.js-9.0.1.tgz",
      "integrity": "sha512-IdZR9mh6ahOBv/hYGiXyVuyCetmGJhtYkqLBpTStdhEGjegpPlUawydyaF3pbIOFynJTpllEs+NP+CS9jKFLjA=="
    },
    "save-dev": {
      "version": "0.0.1-security",
      "resolved": "https://registry.npmjs.org/save-dev/-/save-dev-0.0.1-security.tgz",
      "integrity": "sha512-k6knZTDNK8PKKbIqnvxiOveJinuw2LcQjqDoaorZWP9M5AR2EPsnpDeSbeoZZ0pHr5ze1uoaKdK8NBGQrJ34Uw=="
    },
    "seedrandom": {
      "version": "3.0.5",
      "resolved": "https://registry.npmjs.org/seedrandom/-/seedrandom-3.0.5.tgz",
      "integrity": "sha512-8OwmbklUNzwezjGInmZ+2clQmExQPvomqjL7LFqOYqtmuxRgQYqOD3mHaU+MvZn5FLUeVxVfQjwLZW/n/JFuqg=="
    },
    "total-serialism": {
      "version": "1.12.0",
      "resolved": "https://registry.npmjs.org/total-serialism/-/total-serialism-1.12.0.tgz",
      "integrity": "sha512-gaN6kwVpoEm7nuvK2Haa4TNuTEsQwCp1YHbgFqFxZP5Y99KyQ94pjv6T3lWB0F6U49iCNuC7lhLF69FE6EbYpg==",
      "requires": {
        "@tonaljs/tonal": "^3.7.5",
        "asciichart": "^1.5.25",
        "bignumber.js": "^9.0.0",
        "save-dev": "0.0.1-security",
        "seedrandom": "^3.0.5"
      }
    }
  }
}
